
Microsoft Visual Studio Solution File, Format Version 12.00
# Visual Studio Version 17
VisualStudioVersion = 17.13.35931.197
MinimumVisualStudioVersion = 10.0.40219.1
Project("{FAE04EC0-301F-11D3-BF4B-00C04F79EFBC}") = "Task1", "Task1\Task1.csproj", "{2EBA62CA-9071-4DAD-8DA4-461E1365E248}"
EndProject
Project("{FAE04EC0-301F-11D3-BF4B-00C04F79EFBC}") = "phonebook", "phonebook\phonebook.csproj", "{D85AB90A-216D-44C1-8ED6-C6EBB67CAF2C}"
EndProject
Global
	GlobalSection(SolutionConfigurationPlatforms) = preSolution
		Debug|Any CPU = Debug|Any CPU
		Release|Any CPU = Release|Any CPU
	EndGlobalSection
	GlobalSection(ProjectConfigurationPlatforms) = postSolution
		{2EBA62CA-9071-4DAD-8DA4-461E1365E248}.Debug|Any CPU.ActiveCfg = Debug|Any CPU
		{2EBA62CA-9071-4DAD-8DA4-461E1365E248}.Debug|Any CPU.Build.0 = Debug|Any CPU
		{2EBA62CA-9071-4DAD-8DA4-461E1365E248}.Release|Any CPU.ActiveCfg = Release|Any CPU
		{2EBA62CA-9071-4DAD-8DA4-461E1365E248}.Release|Any CPU.Build.0 = Release|Any CPU
		{D85AB90A-216D-44C1-8ED6-C6EBB67CAF2C}.Debug|Any CPU.ActiveCfg = Debug|Any CPU
		{D85AB90A-216D-44C1-8ED6-C6EBB67CAF2C}.Debug|Any CPU.Build.0 = Debug|Any CPU
		{D85AB90A-216D-44C1-8ED6-C6EBB67CAF2C}.Release|Any CPU.ActiveCfg = Release|Any CPU
		{D85AB90A-216D-44C1-8ED6-C6EBB67CAF2C}.Release|Any CPU.Build.0 = Release|Any CPU
	EndGlobalSection
	GlobalSection(SolutionProperties) = preSolution
		HideSolutionNode = FALSE
	EndGlobalSection
	GlobalSection(ExtensibilityGlobals) = postSolution
		SolutionGuid = {913AFE2D-5AD3-4EBC-9796-E5EFC784E4D7}
	EndGlobalSection
EndGlobal
